{
    "version": 3,
    "terraform_version": "0.9.9",
    "serial": 1,
    "lineage": "a6a9d042-5f78-43e0-bec1-c85be673e2c6",
    "modules": [
        {
            "path": [
                "root"
            ],
            "outputs": {},
            "resources": {
                "google_compute_firewall.akka_ingress": {
                    "type": "google_compute_firewall",
                    "depends_on": [],
                    "primary": {
                        "id": "akka-internal-access",
                        "attributes": {
                            "allow.#": "2",
                            "allow.2863660405.ports.#": "1",
                            "allow.2863660405.ports.0": "25520",
                            "allow.2863660405.protocol": "udp",
                            "allow.3563269094.ports.#": "1",
                            "allow.3563269094.ports.0": "2552",
                            "allow.3563269094.protocol": "tcp",
                            "description": "",
                            "id": "akka-internal-access",
                            "name": "akka-internal-access",
                            "network": "default",
                            "project": "akka-cluster-172106",
                            "self_link": "https://www.googleapis.com/compute/v1/projects/akka-cluster-172106/global/firewalls/akka-internal-access",
                            "source_ranges.#": "0",
                            "source_tags.#": "1",
                            "source_tags.1524664345": "akka",
                            "target_tags.#": "1",
                            "target_tags.1524664345": "akka"
                        },
                        "meta": {
                            "schema_version": "1"
                        },
                        "tainted": false
                    },
                    "deposed": [],
                    "provider": ""
                },
                "google_compute_firewall.consul_agent_ingress": {
                    "type": "google_compute_firewall",
                    "depends_on": [],
                    "primary": {
                        "id": "consul-agent-internal-access",
                        "attributes": {
                            "allow.#": "1",
                            "allow.2348731543.ports.#": "2",
                            "allow.2348731543.ports.0": "8500",
                            "allow.2348731543.ports.1": "8600",
                            "allow.2348731543.protocol": "tcp",
                            "description": "",
                            "id": "consul-agent-internal-access",
                            "name": "consul-agent-internal-access",
                            "network": "default",
                            "project": "akka-cluster-172106",
                            "self_link": "https://www.googleapis.com/compute/v1/projects/akka-cluster-172106/global/firewalls/consul-agent-internal-access",
                            "source_ranges.#": "0",
                            "source_tags.#": "1",
                            "source_tags.1524664345": "akka",
                            "target_tags.#": "1",
                            "target_tags.1524664345": "akka"
                        },
                        "meta": {
                            "schema_version": "1"
                        },
                        "tainted": false
                    },
                    "deposed": [],
                    "provider": ""
                },
                "google_compute_instance.akka": {
                    "type": "google_compute_instance",
                    "depends_on": [],
                    "primary": {
                        "id": "akka-0",
                        "attributes": {
                            "attached_disk.#": "0",
                            "can_ip_forward": "false",
                            "create_timeout": "4",
                            "disk.#": "1",
                            "disk.0.auto_delete": "true",
                            "disk.0.device_name": "",
                            "disk.0.disk": "",
                            "disk.0.disk_encryption_key_raw": "",
                            "disk.0.disk_encryption_key_sha256": "",
                            "disk.0.image": "ubuntu-os-cloud/ubuntu-1404-trusty-v20160314",
                            "disk.0.scratch": "false",
                            "disk.0.size": "0",
                            "disk.0.type": "",
                            "id": "akka-0",
                            "machine_type": "f1-micro",
                            "metadata.%": "0",
                            "metadata_fingerprint": "X9rxgbIsqaY=",
                            "name": "akka-0",
                            "network.#": "0",
                            "network_interface.#": "1",
                            "network_interface.0.access_config.#": "1",
                            "network_interface.0.access_config.0.assigned_nat_ip": "146.148.67.244",
                            "network_interface.0.access_config.0.nat_ip": "",
                            "network_interface.0.address": "10.128.0.5",
                            "network_interface.0.name": "nic0",
                            "network_interface.0.network": "default",
                            "network_interface.0.subnetwork": "",
                            "network_interface.0.subnetwork_project": "",
                            "self_link": "https://www.googleapis.com/compute/v1/projects/akka-cluster-172106/zones/us-central1-f/instances/akka-0",
                            "service_account.#": "1",
                            "service_account.0.email": "302290878867-compute@developer.gserviceaccount.com",
                            "service_account.0.scopes.#": "1",
                            "service_account.0.scopes.2862113455": "https://www.googleapis.com/auth/compute.readonly",
                            "tags.#": "1",
                            "tags.1524664345": "akka",
                            "tags_fingerprint": "6WmlnJtPW8A=",
                            "zone": "us-central1-f"
                        },
                        "meta": {
                            "schema_version": "2"
                        },
                        "tainted": true
                    },
                    "deposed": [],
                    "provider": ""
                }
            },
            "depends_on": []
        }
    ]
}
